// !$*UTF8*$!
{
	archiveVersion = 1;
	classes = {
	};
	objectVersion = 50;
	objects = {

/* Begin PBXBuildFile section */
		E03A134E264BBB1D004EDAA8 /* AppDelegate.swift in Sources */ = {isa = PBXBuildFile; fileRef = E03A134D264BBB1D004EDAA8 /* AppDelegate.swift */; };
		E03A1350264BBB1D004EDAA8 /* SceneDelegate.swift in Sources */ = {isa = PBXBuildFile; fileRef = E03A134F264BBB1D004EDAA8 /* SceneDelegate.swift */; };
		E03A1352264BBB1D004EDAA8 /* ViewController.swift in Sources */ = {isa = PBXBuildFile; fileRef = E03A1351264BBB1D004EDAA8 /* ViewController.swift */; };
		E03A1357264BBB1E004EDAA8 /* Assets.xcassets in Resources */ = {isa = PBXBuildFile; fileRef = E03A1356264BBB1E004EDAA8 /* Assets.xcassets */; };
		E03A135A264BBB1E004EDAA8 /* LaunchScreen.storyboard in Resources */ = {isa = PBXBuildFile; fileRef = E03A1358264BBB1E004EDAA8 /* LaunchScreen.storyboard */; };
		E03A1363264BBB40004EDAA8 /* MiScaleUUID.swift in Sources */ = {isa = PBXBuildFile; fileRef = E03A1362264BBB40004EDAA8 /* MiScaleUUID.swift */; };
		E03A1365264BBB56004EDAA8 /* MiScaleManager.swift in Sources */ = {isa = PBXBuildFile; fileRef = E03A1364264BBB56004EDAA8 /* MiScaleManager.swift */; };
		E03A1368264BBBC9004EDAA8 /* PeripheralDataTableViewCell.swift in Sources */ = {isa = PBXBuildFile; fileRef = E03A1367264BBBC9004EDAA8 /* PeripheralDataTableViewCell.swift */; };
		E03A136A264BBBE2004EDAA8 /* PeripheralData.swift in Sources */ = {isa = PBXBuildFile; fileRef = E03A1369264BBBE2004EDAA8 /* PeripheralData.swift */; };
		E03A136D264BBC17004EDAA8 /* DispatchQueueExtension.swift in Sources */ = {isa = PBXBuildFile; fileRef = E03A136C264BBC17004EDAA8 /* DispatchQueueExtension.swift */; };
		E03A136F264BBC4D004EDAA8 /* CBUUIDExtension.swift in Sources */ = {isa = PBXBuildFile; fileRef = E03A136E264BBC4D004EDAA8 /* CBUUIDExtension.swift */; };
		E03A1371264BBC6B004EDAA8 /* DeviceListViewController.swift in Sources */ = {isa = PBXBuildFile; fileRef = E03A1370264BBC6B004EDAA8 /* DeviceListViewController.swift */; };
		E03A1373264BBF89004EDAA8 /* Main.storyboard in Resources */ = {isa = PBXBuildFile; fileRef = E03A1372264BBF89004EDAA8 /* Main.storyboard */; };
/* End PBXBuildFile section */

/* Begin PBXFileReference section */
		E03A134A264BBB1D004EDAA8 /* MiScaleBLEUiKit.app */ = {isa = PBXFileReference; explicitFileType = wrapper.application; includeInIndex = 0; path = MiScaleBLEUiKit.app; sourceTree = BUILT_PRODUCTS_DIR; };
		E03A134D264BBB1D004EDAA8 /* AppDelegate.swift */ = {isa = PBXFileReference; lastKnownFileType = sourcecode.swift; path = AppDelegate.swift; sourceTree = "<group>"; };
		E03A134F264BBB1D004EDAA8 /* SceneDelegate.swift */ = {isa = PBXFileReference; lastKnownFileType = sourcecode.swift; path = SceneDelegate.swift; sourceTree = "<group>"; };
		E03A1351264BBB1D004EDAA8 /* ViewController.swift */ = {isa = PBXFileReference; lastKnownFileType = sourcecode.swift; path = ViewController.swift; sourceTree = "<group>"; };
		E03A1356264BBB1E004EDAA8 /* Assets.xcassets */ = {isa = PBXFileReference; lastKnownFileType = folder.assetcatalog; path = Assets.xcassets; sourceTree = "<group>"; };
		E03A1359264BBB1E004EDAA8 /* Base */ = {isa = PBXFileReference; lastKnownFileType = file.storyboard; name = Base; path = Base.lproj/LaunchScreen.storyboard; sourceTree = "<group>"; };
		E03A135B264BBB1E004EDAA8 /* Info.plist */ = {isa = PBXFileReference; lastKnownFileType = text.plist.xml; path = Info.plist; sourceTree = "<group>"; };
		E03A1362264BBB40004EDAA8 /* MiScaleUUID.swift */ = {isa = PBXFileReference; lastKnownFileType = sourcecode.swift; path = MiScaleUUID.swift; sourceTree = "<group>"; };
		E03A1364264BBB56004EDAA8 /* MiScaleManager.swift */ = {isa = PBXFileReference; lastKnownFileType = sourcecode.swift; path = MiScaleManager.swift; sourceTree = "<group>"; };
		E03A1367264BBBC9004EDAA8 /* PeripheralDataTableViewCell.swift */ = {isa = PBXFileReference; fileEncoding = 4; lastKnownFileType = sourcecode.swift; path = PeripheralDataTableViewCell.swift; sourceTree = "<group>"; };
		E03A1369264BBBE2004EDAA8 /* PeripheralData.swift */ = {isa = PBXFileReference; fileEncoding = 4; lastKnownFileType = sourcecode.swift; path = PeripheralData.swift; sourceTree = "<group>"; };
		E03A136C264BBC17004EDAA8 /* DispatchQueueExtension.swift */ = {isa = PBXFileReference; fileEncoding = 4; lastKnownFileType = sourcecode.swift; path = DispatchQueueExtension.swift; sourceTree = "<group>"; };
		E03A136E264BBC4D004EDAA8 /* CBUUIDExtension.swift */ = {isa = PBXFileReference; fileEncoding = 4; lastKnownFileType = sourcecode.swift; path = CBUUIDExtension.swift; sourceTree = "<group>"; };
		E03A1370264BBC6B004EDAA8 /* DeviceListViewController.swift */ = {isa = PBXFileReference; fileEncoding = 4; lastKnownFileType = sourcecode.swift; path = DeviceListViewController.swift; sourceTree = "<group>"; };
		E03A1372264BBF89004EDAA8 /* Main.storyboard */ = {isa = PBXFileReference; fileEncoding = 4; lastKnownFileType = file.storyboard; path = Main.storyboard; sourceTree = "<group>"; };
/* End PBXFileReference section */

/* Begin PBXFrameworksBuildPhase section */
		E03A1347264BBB1D004EDAA8 /* Frameworks */ = {
			isa = PBXFrameworksBuildPhase;
			buildActionMask = 2147483647;
			files = (
			);
			runOnlyForDeploymentPostprocessing = 0;
		};
/* End PBXFrameworksBuildPhase section */

/* Begin PBXGroup section */
		E03A1341264BBB1D004EDAA8 = {
			isa = PBXGroup;
			children = (
				E03A134C264BBB1D004EDAA8 /* MiScaleBLEUiKit */,
				E03A134B264BBB1D004EDAA8 /* Products */,
			);
			sourceTree = "<group>";
		};
		E03A134B264BBB1D004EDAA8 /* Products */ = {
			isa = PBXGroup;
			children = (
				E03A134A264BBB1D004EDAA8 /* MiScaleBLEUiKit.app */,
			);
			name = Products;
			sourceTree = "<group>";
		};
		E03A134C264BBB1D004EDAA8 /* MiScaleBLEUiKit */ = {
			isa = PBXGroup;
			children = (
				E03A136B264BBC00004EDAA8 /* Extensions */,
				E03A1366264BBBB4004EDAA8 /* TableView */,
				E03A1361264BBB33004EDAA8 /* MiScale */,
				E03A134D264BBB1D004EDAA8 /* AppDelegate.swift */,
				E03A134F264BBB1D004EDAA8 /* SceneDelegate.swift */,
				E03A1351264BBB1D004EDAA8 /* ViewController.swift */,
				E03A1370264BBC6B004EDAA8 /* DeviceListViewController.swift */,
				E03A1372264BBF89004EDAA8 /* Main.storyboard */,
				E03A1356264BBB1E004EDAA8 /* Assets.xcassets */,
				E03A1358264BBB1E004EDAA8 /* LaunchScreen.storyboard */,
				E03A135B264BBB1E004EDAA8 /* Info.plist */,
			);
			path = MiScaleBLEUiKit;
			sourceTree = "<group>";
		};
		E03A1361264BBB33004EDAA8 /* MiScale */ = {
			isa = PBXGroup;
			children = (
				E03A1362264BBB40004EDAA8 /* MiScaleUUID.swift */,
				E03A1364264BBB56004EDAA8 /* MiScaleManager.swift */,
			);
			path = MiScale;
			sourceTree = "<group>";
		};
		E03A1366264BBBB4004EDAA8 /* TableView */ = {
			isa = PBXGroup;
			children = (
				E03A1369264BBBE2004EDAA8 /* PeripheralData.swift */,
				E03A1367264BBBC9004EDAA8 /* PeripheralDataTableViewCell.swift */,
			);
			path = TableView;
			sourceTree = "<group>";
		};
		E03A136B264BBC00004EDAA8 /* Extensions */ = {
			isa = PBXGroup;
			children = (
				E03A136E264BBC4D004EDAA8 /* CBUUIDExtension.swift */,
				E03A136C264BBC17004EDAA8 /* DispatchQueueExtension.swift */,
			);
			path = Extensions;
			sourceTree = "<group>";
		};
/* End PBXGroup section */

/* Begin PBXNativeTarget section */
		E03A1349264BBB1D004EDAA8 /* MiScaleBLEUiKit */ = {
			isa = PBXNativeTarget;
			buildConfigurationList = E03A135E264BBB1E004EDAA8 /* Build configuration list for PBXNativeTarget "MiScaleBLEUiKit" */;
			buildPhases = (
				E03A1346264BBB1D004EDAA8 /* Sources */,
				E03A1347264BBB1D004EDAA8 /* Frameworks */,
				E03A1348264BBB1D004EDAA8 /* Resources */,
			);
			buildRules = (
			);
			dependencies = (
			);
			name = MiScaleBLEUiKit;
			productName = MiScaleBLEUiKit;
			productReference = E03A134A264BBB1D004EDAA8 /* MiScaleBLEUiKit.app */;
			productType = "com.apple.product-type.application";
		};
/* End PBXNativeTarget section */

/* Begin PBXProject section */
		E03A1342264BBB1D004EDAA8 /* Project object */ = {
			isa = PBXProject;
			attributes = {
				LastSwiftUpdateCheck = 1250;
				LastUpgradeCheck = 1250;
				TargetAttributes = {
					E03A1349264BBB1D004EDAA8 = {
						CreatedOnToolsVersion = 12.5;
					};
				};
			};
			buildConfigurationList = E03A1345264BBB1D004EDAA8 /* Build configuration list for PBXProject "MiScaleBLEUiKit" */;
			compatibilityVersion = "Xcode 9.3";
			developmentRegion = en;
			hasScannedForEncodings = 0;
			knownRegions = (
				en,
				Base,
			);
			mainGroup = E03A1341264BBB1D004EDAA8;
			productRefGroup = E03A134B264BBB1D004EDAA8 /* Products */;
			projectDirPath = "";
			projectRoot = "";
			targets = (
				E03A1349264BBB1D004EDAA8 /* MiScaleBLEUiKit */,
			);
		};
/* End PBXProject section */

/* Begin PBXResourcesBuildPhase section */
		E03A1348264BBB1D004EDAA8 /* Resources */ = {
			isa = PBXResourcesBuildPhase;
			buildActionMask = 2147483647;
			files = (
				E03A1373264BBF89004EDAA8 /* Main.storyboard in Resources */,
				E03A135A264BBB1E004EDAA8 /* LaunchScreen.storyboard in Resources */,
				E03A1357264BBB1E004EDAA8 /* Assets.xcassets in Resources */,
			);
			runOnlyForDeploymentPostprocessing = 0;
		};
/* End PBXResourcesBuildPhase section */

/* Begin PBXSourcesBuildPhase section */
		E03A1346264BBB1D004EDAA8 /* Sources */ = {
			isa = PBXSourcesBuildPhase;
			buildActionMask = 2147483647;
			files = (
				E03A136F264BBC4D004EDAA8 /* CBUUIDExtension.swift in Sources */,
				E03A1352264BBB1D004EDAA8 /* ViewController.swift in Sources */,
				E03A136D264BBC17004EDAA8 /* DispatchQueueExtension.swift in Sources */,
				E03A1365264BBB56004EDAA8 /* MiScaleManager.swift in Sources */,
				E03A1363264BBB40004EDAA8 /* MiScaleUUID.swift in Sources */,
				E03A134E264BBB1D004EDAA8 /* AppDelegate.swift in Sources */,
				E03A1371264BBC6B004EDAA8 /* DeviceListViewController.swift in Sources */,
				E03A1350264BBB1D004EDAA8 /* SceneDelegate.swift in Sources */,
				E03A136A264BBBE2004EDAA8 /* PeripheralData.swift in Sources */,
				E03A1368264BBBC9004EDAA8 /* PeripheralDataTableViewCell.swift in Sources */,
			);
			runOnlyForDeploymentPostprocessing = 0;
		};
/* End PBXSourcesBuildPhase section */

/* Begin PBXVariantGroup section */
		E03A1358264BBB1E004EDAA8 /* LaunchScreen.storyboard */ = {
			isa = PBXVariantGroup;
			children = (
				E03A1359264BBB1E004EDAA8 /* Base */,
			);
			name = LaunchScreen.storyboard;
			sourceTree = "<group>";
		};
/* End PBXVariantGroup section */

/* Begin XCBuildConfiguration section */
		E03A135C264BBB1E004EDAA8 /* Debug */ = {
			isa = XCBuildConfiguration;
			buildSettings = {
				ALWAYS_SEARCH_USER_PATHS = NO;
				CLANG_ANALYZER_NONNULL = YES;
				CLANG_ANALYZER_NUMBER_OBJECT_CONVERSION = YES_AGGRESSIVE;
				CLANG_CXX_LANGUAGE_STANDARD = "gnu++14";
				CLANG_CXX_LIBRARY = "libc++";
				CLANG_ENABLE_MODULES = YES;
				CLANG_ENABLE_OBJC_ARC = YES;
				CLANG_ENABLE_OBJC_WEAK = YES;
				CLANG_WARN_BLOCK_CAPTURE_AUTORELEASING = YES;
				CLANG_WARN_BOOL_CONVERSION = YES;
				CLANG_WARN_COMMA = YES;
				CLANG_WARN_CONSTANT_CONVERSION = YES;
				CLANG_WARN_DEPRECATED_OBJC_IMPLEMENTATIONS = YES;
				CLANG_WARN_DIRECT_OBJC_ISA_USAGE = YES_ERROR;
				CLANG_WARN_DOCUMENTATION_COMMENTS = YES;
				CLANG_WARN_EMPTY_BODY = YES;
				CLANG_WARN_ENUM_CONVERSION = YES;
				CLANG_WARN_INFINITE_RECURSION = YES;
				CLANG_WARN_INT_CONVERSION = YES;
				CLANG_WARN_NON_LITERAL_NULL_CONVERSION = YES;
				CLANG_WARN_OBJC_IMPLICIT_RETAIN_SELF = YES;
				CLANG_WARN_OBJC_LITERAL_CONVERSION = YES;
				CLANG_WARN_OBJC_ROOT_CLASS = YES_ERROR;
				CLANG_WARN_QUOTED_INCLUDE_IN_FRAMEWORK_HEADER = YES;
				CLANG_WARN_RANGE_LOOP_ANALYSIS = YES;
				CLANG_WARN_STRICT_PROTOTYPES = YES;
				CLANG_WARN_SUSPICIOUS_MOVE = YES;
				CLANG_WARN_UNGUARDED_AVAILABILITY = YES_AGGRESSIVE;
				CLANG_WARN_UNREACHABLE_CODE = YES;
				CLANG_WARN__DUPLICATE_METHOD_MATCH = YES;
				COPY_PHASE_STRIP = NO;
				DEBUG_INFORMATION_FORMAT = dwarf;
				ENABLE_STRICT_OBJC_MSGSEND = YES;
				ENABLE_TESTABILITY = YES;
				GCC_C_LANGUAGE_STANDARD = gnu11;
				GCC_DYNAMIC_NO_PIC = NO;
				GCC_NO_COMMON_BLOCKS = YES;
				GCC_OPTIMIZATION_LEVEL = 0;
				GCC_PREPROCESSOR_DEFINITIONS = (
					"DEBUG=1",
					"$(inherited)",
				);
				GCC_WARN_64_TO_32_BIT_CONVERSION = YES;
				GCC_WARN_ABOUT_RETURN_TYPE = YES_ERROR;
				GCC_WARN_UNDECLARED_SELECTOR = YES;
				GCC_WARN_UNINITIALIZED_AUTOS = YES_AGGRESSIVE;
				GCC_WARN_UNUSED_FUNCTION = YES;
				GCC_WARN_UNUSED_VARIABLE = YES;
				IPHONEOS_DEPLOYMENT_TARGET = 14.5;
				MTL_ENABLE_DEBUG_INFO = INCLUDE_SOURCE;
				MTL_FAST_MATH = YES;
				ONLY_ACTIVE_ARCH = YES;
				SDKROOT = iphoneos;
				SWIFT_ACTIVE_COMPILATION_CONDITIONS = DEBUG;
				SWIFT_OPTIMIZATION_LEVEL = "-Onone";
			};
			name = Debug;
		};
		E03A135D264BBB1E004EDAA8 /* Release */ = {
			isa = XCBuildConfiguration;
			buildSettings = {
				ALWAYS_SEARCH_USER_PATHS = NO;
				CLANG_ANALYZER_NONNULL = YES;
				CLANG_ANALYZER_NUMBER_OBJECT_CONVERSION = YES_AGGRESSIVE;
				CLANG_CXX_LANGUAGE_STANDARD = "gnu++14";
				CLANG_CXX_LIBRARY = "libc++";
				CLANG_ENABLE_MODULES = YES;
				CLANG_ENABLE_OBJC_ARC = YES;
				CLANG_ENABLE_OBJC_WEAK = YES;
				CLANG_WARN_BLOCK_CAPTURE_AUTORELEASING = YES;
				CLANG_WARN_BOOL_CONVERSION = YES;
				CLANG_WARN_COMMA = YES;
				CLANG_WARN_CONSTANT_CONVERSION = YES;
				CLANG_WARN_DEPRECATED_OBJC_IMPLEMENTATIONS = YES;
				CLANG_WARN_DIRECT_OBJC_ISA_USAGE = YES_ERROR;
				CLANG_WARN_DOCUMENTATION_COMMENTS = YES;
				CLANG_WARN_EMPTY_BODY = YES;
				CLANG_WARN_ENUM_CONVERSION = YES;
				CLANG_WARN_INFINITE_RECURSION = YES;
				CLANG_WARN_INT_CONVERSION = YES;
				CLANG_WARN_NON_LITERAL_NULL_CONVERSION = YES;
				CLANG_WARN_OBJC_IMPLICIT_RETAIN_SELF = YES;
				CLANG_WARN_OBJC_LITERAL_CONVERSION = YES;
				CLANG_WARN_OBJC_ROOT_CLASS = YES_ERROR;
				CLANG_WARN_QUOTED_INCLUDE_IN_FRAMEWORK_HEADER = YES;
				CLANG_WARN_RANGE_LOOP_ANALYSIS = YES;
				CLANG_WARN_STRICT_PROTOTYPES = YES;
				CLANG_WARN_SUSPICIOUS_MOVE = YES;
				CLANG_WARN_UNGUARDED_AVAILABILITY = YES_AGGRESSIVE;
				CLANG_WARN_UNREACHABLE_CODE = YES;
				CLANG_WARN__DUPLICATE_METHOD_MATCH = YES;
				COPY_PHASE_STRIP = NO;
				DEBUG_INFORMATION_FORMAT = "dwarf-with-dsym";
				ENABLE_NS_ASSERTIONS = NO;
				ENABLE_STRICT_OBJC_MSGSEND = YES;
				GCC_C_LANGUAGE_STANDARD = gnu11;
				GCC_NO_COMMON_BLOCKS = YES;
				GCC_WARN_64_TO_32_BIT_CONVERSION = YES;
				GCC_WARN_ABOUT_RETURN_TYPE = YES_ERROR;
				GCC_WARN_UNDECLARED_SELECTOR = YES;
				GCC_WARN_UNINITIALIZED_AUTOS = YES_AGGRESSIVE;
				GCC_WARN_UNUSED_FUNCTION = YES;
				GCC_WARN_UNUSED_VARIABLE = YES;
				IPHONEOS_DEPLOYMENT_TARGET = 14.5;
				MTL_ENABLE_DEBUG_INFO = NO;
				MTL_FAST_MATH = YES;
				SDKROOT = iphoneos;
				SWIFT_COMPILATION_MODE = wholemodule;
				SWIFT_OPTIMIZATION_LEVEL = "-O";
				VALIDATE_PRODUCT = YES;
			};
			name = Release;
		};
		E03A135F264BBB1E004EDAA8 /* Debug */ = {
			isa = XCBuildConfiguration;
			buildSettings = {
				ASSETCATALOG_COMPILER_APPICON_NAME = AppIcon;
				ASSETCATALOG_COMPILER_GLOBAL_ACCENT_COLOR_NAME = AccentColor;
				CODE_SIGN_STYLE = Automatic;
				DEVELOPMENT_TEAM = B626U6G4SQ;
				INFOPLIST_FILE = MiScaleBLEUiKit/Info.plist;
				IPHONEOS_DEPLOYMENT_TARGET = 14.1;
				LD_RUNPATH_SEARCH_PATHS = (
					"$(inherited)",
					"@executable_path/Frameworks",
				);
				PRODUCT_BUNDLE_IDENTIFIER = com.myungsup.MiScaleBLEUiKit;
				PRODUCT_NAME = "$(TARGET_NAME)";
				SWIFT_VERSION = 5.0;
				TARGETED_DEVICE_FAMILY = "1,2";
			};
			name = Debug;
		};
		E03A1360264BBB1E004EDAA8 /* Release */ = {
			isa = XCBuildConfiguration;
			buildSettings = {
				ASSETCATALOG_COMPILER_APPICON_NAME = AppIcon;
				ASSETCATALOG_COMPILER_GLOBAL_ACCENT_COLOR_NAME = AccentColor;
				CODE_SIGN_STYLE = Automatic;
				DEVELOPMENT_TEAM = B626U6G4SQ;
				INFOPLIST_FILE = MiScaleBLEUiKit/Info.plist;
				IPHONEOS_DEPLOYMENT_TARGET = 14.1;
				LD_RUNPATH_SEARCH_PATHS = (
					"$(inherited)",
					"@executable_path/Frameworks",
				);
				PRODUCT_BUNDLE_IDENTIFIER = com.myungsup.MiScaleBLEUiKit;
				PRODUCT_NAME = "$(TARGET_NAME)";
				SWIFT_VERSION = 5.0;
				TARGETED_DEVICE_FAMILY = "1,2";
			};
			name = Release;
		};
/* End XCBuildConfiguration section */

/* Begin XCConfigurationList section */
		E03A1345264BBB1D004EDAA8 /* Build configuration list for PBXProject "MiScaleBLEUiKit" */ = {
			isa = XCConfigurationList;
			buildConfigurations = (
				E03A135C264BBB1E004EDAA8 /* Debug */,
				E03A135D264BBB1E004EDAA8 /* Release */,
			);
			defaultConfigurationIsVisible = 0;
			defaultConfigurationName = Release;
		};
		E03A135E264BBB1E004EDAA8 /* Build configuration list for PBXNativeTarget "MiScaleBLEUiKit" */ = {
			isa = XCConfigurationList;
			buildConfigurations = (
				E03A135F264BBB1E004EDAA8 /* Debug */,
				E03A1360264BBB1E004EDAA8 /* Release */,
			);
			defaultConfigurationIsVisible = 0;
			defaultConfigurationName = Release;
		};
/* End XCConfigurationList section */
	};
	rootObject = E03A1342264BBB1D004EDAA8 /* Project object */;
}
